Microsoft Visual Studio Solution File, Format Version 12.00
# Visual Studio 15
VisualStudioVersion = 15.0.27004.2006
MinimumVisualStudioVersion = 10.0.40219.1
Project("{D954291E-2A0B-460D-934E-DC6B0785DB48}") = "TurtleWallet", "TurtleWallet\TurtleWallet.shproj", "{EB776BC6-8769-447F-A978-2F2B437C7B34}"
EndProject
Project("{FAE04EC0-301F-11D3-BF4B-00C04F79EFBC}") = "TurtleWallet.Droid", "Droid\TurtleWallet.Droid.csproj", "{D7347A4E-70A9-4BC2-AABB-EF6A720BD9C0}"
EndProject
Global
	GlobalSection(SharedMSBuildProjectFiles) = preSolution
		TurtleWallet\TurtleWallet.projitems*{d7347a4e-70a9-4bc2-aabb-ef6a720bd9c0}*SharedItemsImports = 4
		TurtleWallet\TurtleWallet.projitems*{eb776bc6-8769-447f-a978-2f2b437c7b34}*SharedItemsImports = 13
	EndGlobalSection
	GlobalSection(SolutionConfigurationPlatforms) = preSolution
		Debug|Any CPU = Debug|Any CPU
		Debug|iPhone = Debug|iPhone
		Debug|iPhoneSimulator = Debug|iPhoneSimulator
		Release|Any CPU = Release|Any CPU
		Release|iPhone = Release|iPhone
		Release|iPhoneSimulator = Release|iPhoneSimulator
	EndGlobalSection
	GlobalSection(ProjectConfigurationPlatforms) = postSolution
		{D7347A4E-70A9-4BC2-AABB-EF6A720BD9C0}.Debug|Any CPU.ActiveCfg = Debug|Any CPU
		{D7347A4E-70A9-4BC2-AABB-EF6A720BD9C0}.Debug|Any CPU.Build.0 = Debug|Any CPU
		{D7347A4E-70A9-4BC2-AABB-EF6A720BD9C0}.Debug|iPhone.ActiveCfg = Debug|Any CPU
		{D7347A4E-70A9-4BC2-AABB-EF6A720BD9C0}.Debug|iPhone.Build.0 = Debug|Any CPU
		{D7347A4E-70A9-4BC2-AABB-EF6A720BD9C0}.Debug|iPhoneSimulator.ActiveCfg = Debug|Any CPU
		{D7347A4E-70A9-4BC2-AABB-EF6A720BD9C0}.Debug|iPhoneSimulator.Build.0 = Debug|Any CPU
		{D7347A4E-70A9-4BC2-AABB-EF6A720BD9C0}.Release|Any CPU.ActiveCfg = Release|Any CPU
		{D7347A4E-70A9-4BC2-AABB-EF6A720BD9C0}.Release|Any CPU.Build.0 = Release|Any CPU
		{D7347A4E-70A9-4BC2-AABB-EF6A720BD9C0}.Release|iPhone.ActiveCfg = Release|Any CPU
		{D7347A4E-70A9-4BC2-AABB-EF6A720BD9C0}.Release|iPhone.Build.0 = Release|Any CPU
		{D7347A4E-70A9-4BC2-AABB-EF6A720BD9C0}.Release|iPhoneSimulator.ActiveCfg = Release|Any CPU
		{D7347A4E-70A9-4BC2-AABB-EF6A720BD9C0}.Release|iPhoneSimulator.Build.0 = Release|Any CPU
	EndGlobalSection
	GlobalSection(SolutionProperties) = preSolution
		HideSolutionNode = FALSE
	EndGlobalSection
	GlobalSection(ExtensibilityGlobals) = postSolution
		SolutionGuid = {84F34A51-A168-4C0E-A5A8-3EAE1CA1EB68}
	EndGlobalSection
EndGlobal
